
Microsoft Visual Studio Solution File, Format Version 12.00
# Visual Studio Version 17
VisualStudioVersion = 17.10.35027.167
MinimumVisualStudioVersion = 10.0.40219.1
Project("{9A19103F-16F7-4668-BE54-9A1E7A4F7556}") = "CBTDWeb", "CBTDWeb\CBTDWeb.csproj", "{7BD3404A-C55B-4866-93D5-CB021705DEB5}"
EndProject
Project("{9A19103F-16F7-4668-BE54-9A1E7A4F7556}") = "Infrastructure", "Infrastructure\Infrastructure.csproj", "{8F0281E9-16F5-4970-8EF8-3A0A02AEC9EA}"
EndProject
Project("{9A19103F-16F7-4668-BE54-9A1E7A4F7556}") = "Utility", "Utility\Utility.csproj", "{A45BC424-7B66-4338-AD33-F5CEE7B60D59}"
EndProject
Project("{9A19103F-16F7-4668-BE54-9A1E7A4F7556}") = "DataAccess", "DataAccess\DataAccess.csproj", "{0CB4C0AC-95EE-451F-9D01-5D966284BBFE}"
EndProject
Global
	GlobalSection(SolutionConfigurationPlatforms) = preSolution
		Debug|Any CPU = Debug|Any CPU
		Release|Any CPU = Release|Any CPU
	EndGlobalSection
	GlobalSection(ProjectConfigurationPlatforms) = postSolution
		{7BD3404A-C55B-4866-93D5-CB021705DEB5}.Debug|Any CPU.ActiveCfg = Debug|Any CPU
		{7BD3404A-C55B-4866-93D5-CB021705DEB5}.Debug|Any CPU.Build.0 = Debug|Any CPU
		{7BD3404A-C55B-4866-93D5-CB021705DEB5}.Release|Any CPU.ActiveCfg = Release|Any CPU
		{7BD3404A-C55B-4866-93D5-CB021705DEB5}.Release|Any CPU.Build.0 = Release|Any CPU
		{8F0281E9-16F5-4970-8EF8-3A0A02AEC9EA}.Debug|Any CPU.ActiveCfg = Debug|Any CPU
		{8F0281E9-16F5-4970-8EF8-3A0A02AEC9EA}.Debug|Any CPU.Build.0 = Debug|Any CPU
		{8F0281E9-16F5-4970-8EF8-3A0A02AEC9EA}.Release|Any CPU.ActiveCfg = Release|Any CPU
		{8F0281E9-16F5-4970-8EF8-3A0A02AEC9EA}.Release|Any CPU.Build.0 = Release|Any CPU
		{A45BC424-7B66-4338-AD33-F5CEE7B60D59}.Debug|Any CPU.ActiveCfg = Debug|Any CPU
		{A45BC424-7B66-4338-AD33-F5CEE7B60D59}.Debug|Any CPU.Build.0 = Debug|Any CPU
		{A45BC424-7B66-4338-AD33-F5CEE7B60D59}.Release|Any CPU.ActiveCfg = Release|Any CPU
		{A45BC424-7B66-4338-AD33-F5CEE7B60D59}.Release|Any CPU.Build.0 = Release|Any CPU
		{0CB4C0AC-95EE-451F-9D01-5D966284BBFE}.Debug|Any CPU.ActiveCfg = Debug|Any CPU
		{0CB4C0AC-95EE-451F-9D01-5D966284BBFE}.Debug|Any CPU.Build.0 = Debug|Any CPU
		{0CB4C0AC-95EE-451F-9D01-5D966284BBFE}.Release|Any CPU.ActiveCfg = Release|Any CPU
		{0CB4C0AC-95EE-451F-9D01-5D966284BBFE}.Release|Any CPU.Build.0 = Release|Any CPU
	EndGlobalSection
	GlobalSection(SolutionProperties) = preSolution
		HideSolutionNode = FALSE
	EndGlobalSection
	GlobalSection(ExtensibilityGlobals) = postSolution
		SolutionGuid = {901072FE-A7FA-4296-89C6-BE60EF0E9CDB}
	EndGlobalSection
EndGlobal
